
Microsoft Visual Studio Solution File, Format Version 12.00
# Visual Studio 15
VisualStudioVersion = 15.0.27703.2047
MinimumVisualStudioVersion = 10.0.40219.1
Project("{FAE04EC0-301F-11D3-BF4B-00C04F79EFBC}") = "TesteSelenium", "Selenium\TesteSelenium.csproj", "{59C12310-9FC1-4171-A81F-4ACD9E6F97C4}"
EndProject
Project("{FAE04EC0-301F-11D3-BF4B-00C04F79EFBC}") = "TesteSelenium.Test", "Selenium.Tests\TesteSelenium.Test.csproj", "{1397F2B3-A7DD-422B-ADE0-4C4E6F358272}"
EndProject
Global
	GlobalSection(SolutionConfigurationPlatforms) = preSolution
		Debug|Any CPU = Debug|Any CPU
		Release|Any CPU = Release|Any CPU
	EndGlobalSection
	GlobalSection(ProjectConfigurationPlatforms) = postSolution
		{59C12310-9FC1-4171-A81F-4ACD9E6F97C4}.Debug|Any CPU.ActiveCfg = Debug|Any CPU
		{59C12310-9FC1-4171-A81F-4ACD9E6F97C4}.Debug|Any CPU.Build.0 = Debug|Any CPU
		{59C12310-9FC1-4171-A81F-4ACD9E6F97C4}.Release|Any CPU.ActiveCfg = Release|Any CPU
		{59C12310-9FC1-4171-A81F-4ACD9E6F97C4}.Release|Any CPU.Build.0 = Release|Any CPU
		{1397F2B3-A7DD-422B-ADE0-4C4E6F358272}.Debug|Any CPU.ActiveCfg = Debug|Any CPU
		{1397F2B3-A7DD-422B-ADE0-4C4E6F358272}.Debug|Any CPU.Build.0 = Debug|Any CPU
		{1397F2B3-A7DD-422B-ADE0-4C4E6F358272}.Release|Any CPU.ActiveCfg = Release|Any CPU
		{1397F2B3-A7DD-422B-ADE0-4C4E6F358272}.Release|Any CPU.Build.0 = Release|Any CPU
	EndGlobalSection
	GlobalSection(SolutionProperties) = preSolution
		HideSolutionNode = FALSE
	EndGlobalSection
	GlobalSection(ExtensibilityGlobals) = postSolution
		SolutionGuid = {D9364C32-A2D1-42B8-A7E7-12BE5BEF8182}
	EndGlobalSection
EndGlobal
